
Microsoft Visual Studio Solution File, Format Version 12.00
# Visual Studio 15
VisualStudioVersion = 15.0.26403.7
MinimumVisualStudioVersion = 10.0.40219.1
Project("{FAE04EC0-301F-11D3-BF4B-00C04F79EFBC}") = "RBRCIT", "RBRCIT\RBRCIT.csproj", "{1BBB5799-F876-4031-98A3-26CFAA1F83F0}"
EndProject
Global
	GlobalSection(SolutionConfigurationPlatforms) = preSolution
		Debug|Any CPU = Debug|Any CPU
		Debug|Mixed Platforms = Debug|Mixed Platforms
		Debug|x86 = Debug|x86
		Release|Any CPU = Release|Any CPU
		Release|Mixed Platforms = Release|Mixed Platforms
		Release|x86 = Release|x86
	EndGlobalSection
	GlobalSection(ProjectConfigurationPlatforms) = postSolution
		{1BBB5799-F876-4031-98A3-26CFAA1F83F0}.Debug|Any CPU.ActiveCfg = Debug|x86
		{1BBB5799-F876-4031-98A3-26CFAA1F83F0}.Debug|Mixed Platforms.ActiveCfg = Debug|x86
		{1BBB5799-F876-4031-98A3-26CFAA1F83F0}.Debug|Mixed Platforms.Build.0 = Debug|x86
		{1BBB5799-F876-4031-98A3-26CFAA1F83F0}.Debug|x86.ActiveCfg = Debug|x86
		{1BBB5799-F876-4031-98A3-26CFAA1F83F0}.Debug|x86.Build.0 = Debug|x86
		{1BBB5799-F876-4031-98A3-26CFAA1F83F0}.Release|Any CPU.ActiveCfg = Release|x86
		{1BBB5799-F876-4031-98A3-26CFAA1F83F0}.Release|Mixed Platforms.ActiveCfg = Release|x86
		{1BBB5799-F876-4031-98A3-26CFAA1F83F0}.Release|Mixed Platforms.Build.0 = Release|x86
		{1BBB5799-F876-4031-98A3-26CFAA1F83F0}.Release|x86.ActiveCfg = Release|x86
		{1BBB5799-F876-4031-98A3-26CFAA1F83F0}.Release|x86.Build.0 = Release|x86
	EndGlobalSection
	GlobalSection(SolutionProperties) = preSolution
		HideSolutionNode = FALSE
	EndGlobalSection
EndGlobal
